// !$*UTF8*$!
{
	archiveVersion = 1;
	classes = {
	};
	objectVersion = 50;
	objects = {

/* Begin PBXBuildFile section */
		F9F381E520E44BE800D6D9C2 /* AppDelegate.swift in Sources */ = {isa = PBXBuildFile; fileRef = F9F381E420E44BE800D6D9C2 /* AppDelegate.swift */; };
		F9F381E720E44BE800D6D9C2 /* MasterViewController.swift in Sources */ = {isa = PBXBuildFile; fileRef = F9F381E620E44BE800D6D9C2 /* MasterViewController.swift */; };
		F9F381E920E44BE800D6D9C2 /* DetailViewController.swift in Sources */ = {isa = PBXBuildFile; fileRef = F9F381E820E44BE800D6D9C2 /* DetailViewController.swift */; };
		F9F381EC20E44BE800D6D9C2 /* Main.storyboard in Resources */ = {isa = PBXBuildFile; fileRef = F9F381EA20E44BE800D6D9C2 /* Main.storyboard */; };
		F9F381EE20E44BEA00D6D9C2 /* Assets.xcassets in Resources */ = {isa = PBXBuildFile; fileRef = F9F381ED20E44BEA00D6D9C2 /* Assets.xcassets */; };
		F9F381F120E44BEA00D6D9C2 /* LaunchScreen.storyboard in Resources */ = {isa = PBXBuildFile; fileRef = F9F381EF20E44BEA00D6D9C2 /* LaunchScreen.storyboard */; };
/* End PBXBuildFile section */

/* Begin PBXContainerItemProxy section */
		F978C5D423E5F37600FDF10D /* PBXContainerItemProxy */ = {
			isa = PBXContainerItemProxy;
			containerPortal = F978C5CF23E5F37600FDF10D /* ToastAlerts.xcodeproj */;
			proxyType = 2;
			remoteGlobalIDString = 6116592223E468A900A46184;
			remoteInfo = ToastAlerts;
		};
		F978C5D623E5F37600FDF10D /* PBXContainerItemProxy */ = {
			isa = PBXContainerItemProxy;
			containerPortal = F978C5CF23E5F37600FDF10D /* ToastAlerts.xcodeproj */;
			proxyType = 2;
			remoteGlobalIDString = 6116592B23E468A900A46184;
			remoteInfo = ToastAlertsTests;
		};
/* End PBXContainerItemProxy section */

/* Begin PBXCopyFilesBuildPhase section */
		F9F381FB20E44C2200D6D9C2 /* Embed Frameworks */ = {
			isa = PBXCopyFilesBuildPhase;
			buildActionMask = 2147483647;
			dstPath = "";
			dstSubfolderSpec = 10;
			files = (
			);
			name = "Embed Frameworks";
			runOnlyForDeploymentPostprocessing = 0;
		};
/* End PBXCopyFilesBuildPhase section */

/* Begin PBXFileReference section */
		F978C5CF23E5F37600FDF10D /* ToastAlerts.xcodeproj */ = {isa = PBXFileReference; lastKnownFileType = "wrapper.pb-project"; name = ToastAlerts.xcodeproj; path = ../ToastAlerts.xcodeproj; sourceTree = "<group>"; };
		F9F381E120E44BE800D6D9C2 /* Toast Alert Samples.app */ = {isa = PBXFileReference; explicitFileType = wrapper.application; includeInIndex = 0; path = "Toast Alert Samples.app"; sourceTree = BUILT_PRODUCTS_DIR; };
		F9F381E420E44BE800D6D9C2 /* AppDelegate.swift */ = {isa = PBXFileReference; lastKnownFileType = sourcecode.swift; path = AppDelegate.swift; sourceTree = "<group>"; };
		F9F381E620E44BE800D6D9C2 /* MasterViewController.swift */ = {isa = PBXFileReference; lastKnownFileType = sourcecode.swift; path = MasterViewController.swift; sourceTree = "<group>"; };
		F9F381E820E44BE800D6D9C2 /* DetailViewController.swift */ = {isa = PBXFileReference; lastKnownFileType = sourcecode.swift; path = DetailViewController.swift; sourceTree = "<group>"; };
		F9F381EB20E44BE800D6D9C2 /* Base */ = {isa = PBXFileReference; lastKnownFileType = file.storyboard; name = Base; path = Base.lproj/Main.storyboard; sourceTree = "<group>"; };
		F9F381ED20E44BEA00D6D9C2 /* Assets.xcassets */ = {isa = PBXFileReference; lastKnownFileType = folder.assetcatalog; path = Assets.xcassets; sourceTree = "<group>"; };
		F9F381F020E44BEA00D6D9C2 /* Base */ = {isa = PBXFileReference; lastKnownFileType = file.storyboard; name = Base; path = Base.lproj/LaunchScreen.storyboard; sourceTree = "<group>"; };
		F9F381F220E44BEA00D6D9C2 /* Info.plist */ = {isa = PBXFileReference; lastKnownFileType = text.plist.xml; path = Info.plist; sourceTree = "<group>"; };
/* End PBXFileReference section */

/* Begin PBXFrameworksBuildPhase section */
		F9F381DE20E44BE800D6D9C2 /* Frameworks */ = {
			isa = PBXFrameworksBuildPhase;
			buildActionMask = 2147483647;
			files = (
			);
			runOnlyForDeploymentPostprocessing = 0;
		};
/* End PBXFrameworksBuildPhase section */

/* Begin PBXGroup section */
		F978C5D023E5F37600FDF10D /* Products */ = {
			isa = PBXGroup;
			children = (
				F978C5D523E5F37600FDF10D /* ToastAlerts.framework */,
				F978C5D723E5F37600FDF10D /* ToastAlertsTests.xctest */,
			);
			name = Products;
			sourceTree = "<group>";
		};
		F9F381D820E44BE800D6D9C2 = {
			isa = PBXGroup;
			children = (
				F9F381E320E44BE800D6D9C2 /* Toast Alert Samples */,
				F9F381E220E44BE800D6D9C2 /* Products */,
				F978C5CF23E5F37600FDF10D /* ToastAlerts.xcodeproj */,
			);
			sourceTree = "<group>";
		};
		F9F381E220E44BE800D6D9C2 /* Products */ = {
			isa = PBXGroup;
			children = (
				F9F381E120E44BE800D6D9C2 /* Toast Alert Samples.app */,
			);
			name = Products;
			sourceTree = "<group>";
		};
		F9F381E320E44BE800D6D9C2 /* Toast Alert Samples */ = {
			isa = PBXGroup;
			children = (
				F9F381E420E44BE800D6D9C2 /* AppDelegate.swift */,
				F9F381E620E44BE800D6D9C2 /* MasterViewController.swift */,
				F9F381E820E44BE800D6D9C2 /* DetailViewController.swift */,
				F9F381EA20E44BE800D6D9C2 /* Main.storyboard */,
				F9F381ED20E44BEA00D6D9C2 /* Assets.xcassets */,
				F9F381EF20E44BEA00D6D9C2 /* LaunchScreen.storyboard */,
				F9F381F220E44BEA00D6D9C2 /* Info.plist */,
			);
			path = "Toast Alert Samples";
			sourceTree = "<group>";
		};
/* End PBXGroup section */

/* Begin PBXNativeTarget section */
		F9F381E020E44BE800D6D9C2 /* Toast Alert Samples */ = {
			isa = PBXNativeTarget;
			buildConfigurationList = F9F381F520E44BEA00D6D9C2 /* Build configuration list for PBXNativeTarget "Toast Alert Samples" */;
			buildPhases = (
				F9F381DD20E44BE800D6D9C2 /* Sources */,
				F9F381DE20E44BE800D6D9C2 /* Frameworks */,
				F9F381DF20E44BE800D6D9C2 /* Resources */,
				F9F381FB20E44C2200D6D9C2 /* Embed Frameworks */,
			);
			buildRules = (
			);
			dependencies = (
			);
			name = "Toast Alert Samples";
			productName = "Toast Alert Samples";
			productReference = F9F381E120E44BE800D6D9C2 /* Toast Alert Samples.app */;
			productType = "com.apple.product-type.application";
		};
/* End PBXNativeTarget section */

/* Begin PBXProject section */
		F9F381D920E44BE800D6D9C2 /* Project object */ = {
			isa = PBXProject;
			attributes = {
				LastSwiftUpdateCheck = 0940;
				LastUpgradeCheck = 0940;
				ORGANIZATIONNAME = Estamp;
				TargetAttributes = {
					F9F381E020E44BE800D6D9C2 = {
						CreatedOnToolsVersion = 9.4;
					};
				};
			};
			buildConfigurationList = F9F381DC20E44BE800D6D9C2 /* Build configuration list for PBXProject "Toast Alert Samples" */;
			compatibilityVersion = "Xcode 9.3";
			developmentRegion = en;
			hasScannedForEncodings = 0;
			knownRegions = (
				en,
				Base,
			);
			mainGroup = F9F381D820E44BE800D6D9C2;
			productRefGroup = F9F381E220E44BE800D6D9C2 /* Products */;
			projectDirPath = "";
			projectReferences = (
				{
					ProductGroup = F978C5D023E5F37600FDF10D /* Products */;
					ProjectRef = F978C5CF23E5F37600FDF10D /* ToastAlerts.xcodeproj */;
				},
			);
			projectRoot = "";
			targets = (
				F9F381E020E44BE800D6D9C2 /* Toast Alert Samples */,
			);
		};
/* End PBXProject section */

/* Begin PBXReferenceProxy section */
		F978C5D523E5F37600FDF10D /* ToastAlerts.framework */ = {
			isa = PBXReferenceProxy;
			fileType = wrapper.framework;
			path = ToastAlerts.framework;
			remoteRef = F978C5D423E5F37600FDF10D /* PBXContainerItemProxy */;
			sourceTree = BUILT_PRODUCTS_DIR;
		};
		F978C5D723E5F37600FDF10D /* ToastAlertsTests.xctest */ = {
			isa = PBXReferenceProxy;
			fileType = wrapper.cfbundle;
			path = ToastAlertsTests.xctest;
			remoteRef = F978C5D623E5F37600FDF10D /* PBXContainerItemProxy */;
			sourceTree = BUILT_PRODUCTS_DIR;
		};
/* End PBXReferenceProxy section */

/* Begin PBXResourcesBuildPhase section */
		F9F381DF20E44BE800D6D9C2 /* Resources */ = {
			isa = PBXResourcesBuildPhase;
			buildActionMask = 2147483647;
			files = (
				F9F381F120E44BEA00D6D9C2 /* LaunchScreen.storyboard in Resources */,
				F9F381EE20E44BEA00D6D9C2 /* Assets.xcassets in Resources */,
				F9F381EC20E44BE800D6D9C2 /* Main.storyboard in Resources */,
			);
			runOnlyForDeploymentPostprocessing = 0;
		};
/* End PBXResourcesBuildPhase section */

/* Begin PBXSourcesBuildPhase section */
		F9F381DD20E44BE800D6D9C2 /* Sources */ = {
			isa = PBXSourcesBuildPhase;
			buildActionMask = 2147483647;
			files = (
				F9F381E920E44BE800D6D9C2 /* DetailViewController.swift in Sources */,
				F9F381E720E44BE800D6D9C2 /* MasterViewController.swift in Sources */,
				F9F381E520E44BE800D6D9C2 /* AppDelegate.swift in Sources */,
			);
			runOnlyForDeploymentPostprocessing = 0;
		};
/* End PBXSourcesBuildPhase section */

/* Begin PBXVariantGroup section */
		F9F381EA20E44BE800D6D9C2 /* Main.storyboard */ = {
			isa = PBXVariantGroup;
			children = (
				F9F381EB20E44BE800D6D9C2 /* Base */,
			);
			name = Main.storyboard;
			sourceTree = "<group>";
		};
		F9F381EF20E44BEA00D6D9C2 /* LaunchScreen.storyboard */ = {
			isa = PBXVariantGroup;
			children = (
				F9F381F020E44BEA00D6D9C2 /* Base */,
			);
			name = LaunchScreen.storyboard;
			sourceTree = "<group>";
		};
/* End PBXVariantGroup section */

/* Begin XCBuildConfiguration section */
		F9F381F320E44BEA00D6D9C2 /* Debug */ = {
			isa = XCBuildConfiguration;
			buildSettings = {
				ALWAYS_SEARCH_USER_PATHS = NO;
				CLANG_ANALYZER_NONNULL = YES;
				CLANG_ANALYZER_NUMBER_OBJECT_CONVERSION = YES_AGGRESSIVE;
				CLANG_CXX_LANGUAGE_STANDARD = "gnu++14";
				CLANG_CXX_LIBRARY = "libc++";
				CLANG_ENABLE_MODULES = YES;
				CLANG_ENABLE_OBJC_ARC = YES;
				CLANG_ENABLE_OBJC_WEAK = YES;
				CLANG_WARN_BLOCK_CAPTURE_AUTORELEASING = YES;
				CLANG_WARN_BOOL_CONVERSION = YES;
				CLANG_WARN_COMMA = YES;
				CLANG_WARN_CONSTANT_CONVERSION = YES;
				CLANG_WARN_DEPRECATED_OBJC_IMPLEMENTATIONS = YES;
				CLANG_WARN_DIRECT_OBJC_ISA_USAGE = YES_ERROR;
				CLANG_WARN_DOCUMENTATION_COMMENTS = YES;
				CLANG_WARN_EMPTY_BODY = YES;
				CLANG_WARN_ENUM_CONVERSION = YES;
				CLANG_WARN_INFINITE_RECURSION = YES;
				CLANG_WARN_INT_CONVERSION = YES;
				CLANG_WARN_NON_LITERAL_NULL_CONVERSION = YES;
				CLANG_WARN_OBJC_IMPLICIT_RETAIN_SELF = YES;
				CLANG_WARN_OBJC_LITERAL_CONVERSION = YES;
				CLANG_WARN_OBJC_ROOT_CLASS = YES_ERROR;
				CLANG_WARN_RANGE_LOOP_ANALYSIS = YES;
				CLANG_WARN_STRICT_PROTOTYPES = YES;
				CLANG_WARN_SUSPICIOUS_MOVE = YES;
				CLANG_WARN_UNGUARDED_AVAILABILITY = YES_AGGRESSIVE;
				CLANG_WARN_UNREACHABLE_CODE = YES;
				CLANG_WARN__DUPLICATE_METHOD_MATCH = YES;
				CODE_SIGN_IDENTITY = "iPhone Developer";
				COPY_PHASE_STRIP = NO;
				DEBUG_INFORMATION_FORMAT = dwarf;
				ENABLE_STRICT_OBJC_MSGSEND = YES;
				ENABLE_TESTABILITY = YES;
				GCC_C_LANGUAGE_STANDARD = gnu11;
				GCC_DYNAMIC_NO_PIC = NO;
				GCC_NO_COMMON_BLOCKS = YES;
				GCC_OPTIMIZATION_LEVEL = 0;
				GCC_PREPROCESSOR_DEFINITIONS = (
					"DEBUG=1",
					"$(inherited)",
				);
				GCC_WARN_64_TO_32_BIT_CONVERSION = YES;
				GCC_WARN_ABOUT_RETURN_TYPE = YES_ERROR;
				GCC_WARN_UNDECLARED_SELECTOR = YES;
				GCC_WARN_UNINITIALIZED_AUTOS = YES_AGGRESSIVE;
				GCC_WARN_UNUSED_FUNCTION = YES;
				GCC_WARN_UNUSED_VARIABLE = YES;
				IPHONEOS_DEPLOYMENT_TARGET = 13.2;
				MTL_ENABLE_DEBUG_INFO = YES;
				ONLY_ACTIVE_ARCH = YES;
				SDKROOT = iphoneos;
				SWIFT_ACTIVE_COMPILATION_CONDITIONS = DEBUG;
				SWIFT_OPTIMIZATION_LEVEL = "-Onone";
			};
			name = Debug;
		};
		F9F381F420E44BEA00D6D9C2 /* Release */ = {
			isa = XCBuildConfiguration;
			buildSettings = {
				ALWAYS_SEARCH_USER_PATHS = NO;
				CLANG_ANALYZER_NONNULL = YES;
				CLANG_ANALYZER_NUMBER_OBJECT_CONVERSION = YES_AGGRESSIVE;
				CLANG_CXX_LANGUAGE_STANDARD = "gnu++14";
				CLANG_CXX_LIBRARY = "libc++";
				CLANG_ENABLE_MODULES = YES;
				CLANG_ENABLE_OBJC_ARC = YES;
				CLANG_ENABLE_OBJC_WEAK = YES;
				CLANG_WARN_BLOCK_CAPTURE_AUTORELEASING = YES;
				CLANG_WARN_BOOL_CONVERSION = YES;
				CLANG_WARN_COMMA = YES;
				CLANG_WARN_CONSTANT_CONVERSION = YES;
				CLANG_WARN_DEPRECATED_OBJC_IMPLEMENTATIONS = YES;
				CLANG_WARN_DIRECT_OBJC_ISA_USAGE = YES_ERROR;
				CLANG_WARN_DOCUMENTATION_COMMENTS = YES;
				CLANG_WARN_EMPTY_BODY = YES;
				CLANG_WARN_ENUM_CONVERSION = YES;
				CLANG_WARN_INFINITE_RECURSION = YES;
				CLANG_WARN_INT_CONVERSION = YES;
				CLANG_WARN_NON_LITERAL_NULL_CONVERSION = YES;
				CLANG_WARN_OBJC_IMPLICIT_RETAIN_SELF = YES;
				CLANG_WARN_OBJC_LITERAL_CONVERSION = YES;
				CLANG_WARN_OBJC_ROOT_CLASS = YES_ERROR;
				CLANG_WARN_RANGE_LOOP_ANALYSIS = YES;
				CLANG_WARN_STRICT_PROTOTYPES = YES;
				CLANG_WARN_SUSPICIOUS_MOVE = YES;
				CLANG_WARN_UNGUARDED_AVAILABILITY = YES_AGGRESSIVE;
				CLANG_WARN_UNREACHABLE_CODE = YES;
				CLANG_WARN__DUPLICATE_METHOD_MATCH = YES;
				CODE_SIGN_IDENTITY = "iPhone Developer";
				COPY_PHASE_STRIP = NO;
				DEBUG_INFORMATION_FORMAT = "dwarf-with-dsym";
				ENABLE_NS_ASSERTIONS = NO;
				ENABLE_STRICT_OBJC_MSGSEND = YES;
				GCC_C_LANGUAGE_STANDARD = gnu11;
				GCC_NO_COMMON_BLOCKS = YES;
				GCC_WARN_64_TO_32_BIT_CONVERSION = YES;
				GCC_WARN_ABOUT_RETURN_TYPE = YES_ERROR;
				GCC_WARN_UNDECLARED_SELECTOR = YES;
				GCC_WARN_UNINITIALIZED_AUTOS = YES_AGGRESSIVE;
				GCC_WARN_UNUSED_FUNCTION = YES;
				GCC_WARN_UNUSED_VARIABLE = YES;
				IPHONEOS_DEPLOYMENT_TARGET = 13.2;
				MTL_ENABLE_DEBUG_INFO = NO;
				SDKROOT = iphoneos;
				SWIFT_COMPILATION_MODE = wholemodule;
				SWIFT_OPTIMIZATION_LEVEL = "-O";
				VALIDATE_PRODUCT = YES;
			};
			name = Release;
		};
		F9F381F620E44BEA00D6D9C2 /* Debug */ = {
			isa = XCBuildConfiguration;
			buildSettings = {
				ASSETCATALOG_COMPILER_APPICON_NAME = AppIcon;
				CODE_SIGN_STYLE = Automatic;
				DEVELOPMENT_TEAM = "";
				FRAMEWORK_SEARCH_PATHS = (
					"$(inherited)",
					"$(PROJECT_DIR)/Carthage/Build/iOS",
				);
				INFOPLIST_FILE = "Toast Alert Samples/Info.plist";
				LD_RUNPATH_SEARCH_PATHS = (
					"$(inherited)",
					"@executable_path/Frameworks",
				);
				PRODUCT_BUNDLE_IDENTIFIER = "com.estamp.Toast-Alert-Samples";
				PRODUCT_NAME = "$(TARGET_NAME)";
				SWIFT_VERSION = 4.0;
				TARGETED_DEVICE_FAMILY = "1,2";
			};
			name = Debug;
		};
		F9F381F720E44BEA00D6D9C2 /* Release */ = {
			isa = XCBuildConfiguration;
			buildSettings = {
				ASSETCATALOG_COMPILER_APPICON_NAME = AppIcon;
				CODE_SIGN_STYLE = Automatic;
				DEVELOPMENT_TEAM = "";
				FRAMEWORK_SEARCH_PATHS = (
					"$(inherited)",
					"$(PROJECT_DIR)/Carthage/Build/iOS",
				);
				INFOPLIST_FILE = "Toast Alert Samples/Info.plist";
				LD_RUNPATH_SEARCH_PATHS = (
					"$(inherited)",
					"@executable_path/Frameworks",
				);
				PRODUCT_BUNDLE_IDENTIFIER = "com.estamp.Toast-Alert-Samples";
				PRODUCT_NAME = "$(TARGET_NAME)";
				SWIFT_VERSION = 4.0;
				TARGETED_DEVICE_FAMILY = "1,2";
			};
			name = Release;
		};
/* End XCBuildConfiguration section */

/* Begin XCConfigurationList section */
		F9F381DC20E44BE800D6D9C2 /* Build configuration list for PBXProject "Toast Alert Samples" */ = {
			isa = XCConfigurationList;
			buildConfigurations = (
				F9F381F320E44BEA00D6D9C2 /* Debug */,
				F9F381F420E44BEA00D6D9C2 /* Release */,
			);
			defaultConfigurationIsVisible = 0;
			defaultConfigurationName = Release;
		};
		F9F381F520E44BEA00D6D9C2 /* Build configuration list for PBXNativeTarget "Toast Alert Samples" */ = {
			isa = XCConfigurationList;
			buildConfigurations = (
				F9F381F620E44BEA00D6D9C2 /* Debug */,
				F9F381F720E44BEA00D6D9C2 /* Release */,
			);
			defaultConfigurationIsVisible = 0;
			defaultConfigurationName = Release;
		};
/* End XCConfigurationList section */
	};
	rootObject = F9F381D920E44BE800D6D9C2 /* Project object */;
}
