// !$*UTF8*$!
{
	archiveVersion = 1;
	classes = {
	};
	objectVersion = 50;
	objects = {

/* Begin PBXBuildFile section */
		6116592C23E468A900A46184 /* ToastAlerts.framework in Frameworks */ = {isa = PBXBuildFile; fileRef = 6116592223E468A900A46184 /* ToastAlerts.framework */; };
		6116593123E468A900A46184 /* ToastAlertsViewTests.swift in Sources */ = {isa = PBXBuildFile; fileRef = 6116593023E468A900A46184 /* ToastAlertsViewTests.swift */; };
		6116593323E468A900A46184 /* Toast_Alerts.h in Headers */ = {isa = PBXBuildFile; fileRef = 6116592523E468A900A46184 /* Toast_Alerts.h */; settings = {ATTRIBUTES = (Public, ); }; };
		6116593F23E4698E00A46184 /* ToastAlertView.swift in Sources */ = {isa = PBXBuildFile; fileRef = 6116593E23E4698E00A46184 /* ToastAlertView.swift */; };
/* End PBXBuildFile section */

/* Begin PBXContainerItemProxy section */
		6116592D23E468A900A46184 /* PBXContainerItemProxy */ = {
			isa = PBXContainerItemProxy;
			containerPortal = 6116591923E468A900A46184 /* Project object */;
			proxyType = 1;
			remoteGlobalIDString = 6116592123E468A900A46184;
			remoteInfo = "Toast Alerts";
		};
/* End PBXContainerItemProxy section */

/* Begin PBXFileReference section */
		6116592223E468A900A46184 /* ToastAlerts.framework */ = {isa = PBXFileReference; explicitFileType = wrapper.framework; includeInIndex = 0; path = ToastAlerts.framework; sourceTree = BUILT_PRODUCTS_DIR; };
		6116592523E468A900A46184 /* Toast_Alerts.h */ = {isa = PBXFileReference; lastKnownFileType = sourcecode.c.h; path = Toast_Alerts.h; sourceTree = "<group>"; };
		6116592623E468A900A46184 /* Info.plist */ = {isa = PBXFileReference; lastKnownFileType = text.plist.xml; path = Info.plist; sourceTree = "<group>"; };
		6116592B23E468A900A46184 /* ToastAlertsTests.xctest */ = {isa = PBXFileReference; explicitFileType = wrapper.cfbundle; includeInIndex = 0; path = ToastAlertsTests.xctest; sourceTree = BUILT_PRODUCTS_DIR; };
		6116593023E468A900A46184 /* ToastAlertsViewTests.swift */ = {isa = PBXFileReference; lastKnownFileType = sourcecode.swift; path = ToastAlertsViewTests.swift; sourceTree = "<group>"; };
		6116593223E468A900A46184 /* Info.plist */ = {isa = PBXFileReference; lastKnownFileType = text.plist.xml; path = Info.plist; sourceTree = "<group>"; };
		6116593E23E4698E00A46184 /* ToastAlertView.swift */ = {isa = PBXFileReference; lastKnownFileType = sourcecode.swift; path = ToastAlertView.swift; sourceTree = "<group>"; };
/* End PBXFileReference section */

/* Begin PBXFrameworksBuildPhase section */
		6116591F23E468A900A46184 /* Frameworks */ = {
			isa = PBXFrameworksBuildPhase;
			buildActionMask = 2147483647;
			files = (
			);
			runOnlyForDeploymentPostprocessing = 0;
		};
		6116592823E468A900A46184 /* Frameworks */ = {
			isa = PBXFrameworksBuildPhase;
			buildActionMask = 2147483647;
			files = (
				6116592C23E468A900A46184 /* ToastAlerts.framework in Frameworks */,
			);
			runOnlyForDeploymentPostprocessing = 0;
		};
/* End PBXFrameworksBuildPhase section */

/* Begin PBXGroup section */
		6116591823E468A900A46184 = {
			isa = PBXGroup;
			children = (
				6116593C23E468C900A46184 /* Sources */,
				6116593D23E468DD00A46184 /* Tests */,
				6116592323E468A900A46184 /* Products */,
			);
			sourceTree = "<group>";
		};
		6116592323E468A900A46184 /* Products */ = {
			isa = PBXGroup;
			children = (
				6116592223E468A900A46184 /* ToastAlerts.framework */,
				6116592B23E468A900A46184 /* ToastAlertsTests.xctest */,
			);
			name = Products;
			sourceTree = "<group>";
		};
		6116592423E468A900A46184 /* ToastAlerts */ = {
			isa = PBXGroup;
			children = (
				6116592523E468A900A46184 /* Toast_Alerts.h */,
				6116593E23E4698E00A46184 /* ToastAlertView.swift */,
				6116592623E468A900A46184 /* Info.plist */,
			);
			path = ToastAlerts;
			sourceTree = "<group>";
		};
		6116592F23E468A900A46184 /* ToastAlertsTests */ = {
			isa = PBXGroup;
			children = (
				6116593023E468A900A46184 /* ToastAlertsViewTests.swift */,
				6116593223E468A900A46184 /* Info.plist */,
			);
			path = ToastAlertsTests;
			sourceTree = "<group>";
		};
		6116593C23E468C900A46184 /* Sources */ = {
			isa = PBXGroup;
			children = (
				6116592423E468A900A46184 /* ToastAlerts */,
			);
			path = Sources;
			sourceTree = "<group>";
		};
		6116593D23E468DD00A46184 /* Tests */ = {
			isa = PBXGroup;
			children = (
				6116592F23E468A900A46184 /* ToastAlertsTests */,
			);
			path = Tests;
			sourceTree = "<group>";
		};
/* End PBXGroup section */

/* Begin PBXHeadersBuildPhase section */
		6116591D23E468A900A46184 /* Headers */ = {
			isa = PBXHeadersBuildPhase;
			buildActionMask = 2147483647;
			files = (
				6116593323E468A900A46184 /* Toast_Alerts.h in Headers */,
			);
			runOnlyForDeploymentPostprocessing = 0;
		};
/* End PBXHeadersBuildPhase section */

/* Begin PBXNativeTarget section */
		6116592123E468A900A46184 /* ToastAlerts */ = {
			isa = PBXNativeTarget;
			buildConfigurationList = 6116593623E468A900A46184 /* Build configuration list for PBXNativeTarget "ToastAlerts" */;
			buildPhases = (
				6116591D23E468A900A46184 /* Headers */,
				6116591E23E468A900A46184 /* Sources */,
				6116591F23E468A900A46184 /* Frameworks */,
				6116592023E468A900A46184 /* Resources */,
			);
			buildRules = (
			);
			dependencies = (
			);
			name = ToastAlerts;
			productName = "Toast Alerts";
			productReference = 6116592223E468A900A46184 /* ToastAlerts.framework */;
			productType = "com.apple.product-type.framework";
		};
		6116592A23E468A900A46184 /* ToastAlertsTests */ = {
			isa = PBXNativeTarget;
			buildConfigurationList = 6116593923E468A900A46184 /* Build configuration list for PBXNativeTarget "ToastAlertsTests" */;
			buildPhases = (
				6116592723E468A900A46184 /* Sources */,
				6116592823E468A900A46184 /* Frameworks */,
				6116592923E468A900A46184 /* Resources */,
			);
			buildRules = (
			);
			dependencies = (
				6116592E23E468A900A46184 /* PBXTargetDependency */,
			);
			name = ToastAlertsTests;
			productName = "Toast AlertsTests";
			productReference = 6116592B23E468A900A46184 /* ToastAlertsTests.xctest */;
			productType = "com.apple.product-type.bundle.unit-test";
		};
/* End PBXNativeTarget section */

/* Begin PBXProject section */
		6116591923E468A900A46184 /* Project object */ = {
			isa = PBXProject;
			attributes = {
				LastSwiftUpdateCheck = 1130;
				LastUpgradeCheck = 1130;
				ORGANIZATIONNAME = Estamp;
				TargetAttributes = {
					6116592123E468A900A46184 = {
						CreatedOnToolsVersion = 11.3.1;
						LastSwiftMigration = 1130;
					};
					6116592A23E468A900A46184 = {
						CreatedOnToolsVersion = 11.3.1;
					};
				};
			};
			buildConfigurationList = 6116591C23E468A900A46184 /* Build configuration list for PBXProject "ToastAlerts" */;
			compatibilityVersion = "Xcode 9.3";
			developmentRegion = en;
			hasScannedForEncodings = 0;
			knownRegions = (
				en,
				Base,
			);
			mainGroup = 6116591823E468A900A46184;
			productRefGroup = 6116592323E468A900A46184 /* Products */;
			projectDirPath = "";
			projectRoot = "";
			targets = (
				6116592123E468A900A46184 /* ToastAlerts */,
				6116592A23E468A900A46184 /* ToastAlertsTests */,
			);
		};
/* End PBXProject section */

/* Begin PBXResourcesBuildPhase section */
		6116592023E468A900A46184 /* Resources */ = {
			isa = PBXResourcesBuildPhase;
			buildActionMask = 2147483647;
			files = (
			);
			runOnlyForDeploymentPostprocessing = 0;
		};
		6116592923E468A900A46184 /* Resources */ = {
			isa = PBXResourcesBuildPhase;
			buildActionMask = 2147483647;
			files = (
			);
			runOnlyForDeploymentPostprocessing = 0;
		};
/* End PBXResourcesBuildPhase section */

/* Begin PBXSourcesBuildPhase section */
		6116591E23E468A900A46184 /* Sources */ = {
			isa = PBXSourcesBuildPhase;
			buildActionMask = 2147483647;
			files = (
				6116593F23E4698E00A46184 /* ToastAlertView.swift in Sources */,
			);
			runOnlyForDeploymentPostprocessing = 0;
		};
		6116592723E468A900A46184 /* Sources */ = {
			isa = PBXSourcesBuildPhase;
			buildActionMask = 2147483647;
			files = (
				6116593123E468A900A46184 /* ToastAlertsViewTests.swift in Sources */,
			);
			runOnlyForDeploymentPostprocessing = 0;
		};
/* End PBXSourcesBuildPhase section */

/* Begin PBXTargetDependency section */
		6116592E23E468A900A46184 /* PBXTargetDependency */ = {
			isa = PBXTargetDependency;
			target = 6116592123E468A900A46184 /* ToastAlerts */;
			targetProxy = 6116592D23E468A900A46184 /* PBXContainerItemProxy */;
		};
/* End PBXTargetDependency section */

/* Begin XCBuildConfiguration section */
		6116593423E468A900A46184 /* Debug */ = {
			isa = XCBuildConfiguration;
			buildSettings = {
				ALWAYS_SEARCH_USER_PATHS = NO;
				CLANG_ANALYZER_NONNULL = YES;
				CLANG_ANALYZER_NUMBER_OBJECT_CONVERSION = YES_AGGRESSIVE;
				CLANG_CXX_LANGUAGE_STANDARD = "gnu++14";
				CLANG_CXX_LIBRARY = "libc++";
				CLANG_ENABLE_MODULES = YES;
				CLANG_ENABLE_OBJC_ARC = YES;
				CLANG_ENABLE_OBJC_WEAK = YES;
				CLANG_WARN_BLOCK_CAPTURE_AUTORELEASING = YES;
				CLANG_WARN_BOOL_CONVERSION = YES;
				CLANG_WARN_COMMA = YES;
				CLANG_WARN_CONSTANT_CONVERSION = YES;
				CLANG_WARN_DEPRECATED_OBJC_IMPLEMENTATIONS = YES;
				CLANG_WARN_DIRECT_OBJC_ISA_USAGE = YES_ERROR;
				CLANG_WARN_DOCUMENTATION_COMMENTS = YES;
				CLANG_WARN_EMPTY_BODY = YES;
				CLANG_WARN_ENUM_CONVERSION = YES;
				CLANG_WARN_INFINITE_RECURSION = YES;
				CLANG_WARN_INT_CONVERSION = YES;
				CLANG_WARN_NON_LITERAL_NULL_CONVERSION = YES;
				CLANG_WARN_OBJC_IMPLICIT_RETAIN_SELF = YES;
				CLANG_WARN_OBJC_LITERAL_CONVERSION = YES;
				CLANG_WARN_OBJC_ROOT_CLASS = YES_ERROR;
				CLANG_WARN_RANGE_LOOP_ANALYSIS = YES;
				CLANG_WARN_STRICT_PROTOTYPES = YES;
				CLANG_WARN_SUSPICIOUS_MOVE = YES;
				CLANG_WARN_UNGUARDED_AVAILABILITY = YES_AGGRESSIVE;
				CLANG_WARN_UNREACHABLE_CODE = YES;
				CLANG_WARN__DUPLICATE_METHOD_MATCH = YES;
				COPY_PHASE_STRIP = NO;
				CURRENT_PROJECT_VERSION = 1;
				DEBUG_INFORMATION_FORMAT = dwarf;
				ENABLE_STRICT_OBJC_MSGSEND = YES;
				ENABLE_TESTABILITY = YES;
				GCC_C_LANGUAGE_STANDARD = gnu11;
				GCC_DYNAMIC_NO_PIC = NO;
				GCC_NO_COMMON_BLOCKS = YES;
				GCC_OPTIMIZATION_LEVEL = 0;
				GCC_PREPROCESSOR_DEFINITIONS = (
					"DEBUG=1",
					"$(inherited)",
				);
				GCC_WARN_64_TO_32_BIT_CONVERSION = YES;
				GCC_WARN_ABOUT_RETURN_TYPE = YES_ERROR;
				GCC_WARN_UNDECLARED_SELECTOR = YES;
				GCC_WARN_UNINITIALIZED_AUTOS = YES_AGGRESSIVE;
				GCC_WARN_UNUSED_FUNCTION = YES;
				GCC_WARN_UNUSED_VARIABLE = YES;
				IPHONEOS_DEPLOYMENT_TARGET = 11.0;
				MTL_ENABLE_DEBUG_INFO = INCLUDE_SOURCE;
				MTL_FAST_MATH = YES;
				ONLY_ACTIVE_ARCH = YES;
				SDKROOT = iphoneos;
				SWIFT_ACTIVE_COMPILATION_CONDITIONS = DEBUG;
				SWIFT_OPTIMIZATION_LEVEL = "-Onone";
				VERSIONING_SYSTEM = "apple-generic";
				VERSION_INFO_PREFIX = "";
			};
			name = Debug;
		};
		6116593523E468A900A46184 /* Release */ = {
			isa = XCBuildConfiguration;
			buildSettings = {
				ALWAYS_SEARCH_USER_PATHS = NO;
				CLANG_ANALYZER_NONNULL = YES;
				CLANG_ANALYZER_NUMBER_OBJECT_CONVERSION = YES_AGGRESSIVE;
				CLANG_CXX_LANGUAGE_STANDARD = "gnu++14";
				CLANG_CXX_LIBRARY = "libc++";
				CLANG_ENABLE_MODULES = YES;
				CLANG_ENABLE_OBJC_ARC = YES;
				CLANG_ENABLE_OBJC_WEAK = YES;
				CLANG_WARN_BLOCK_CAPTURE_AUTORELEASING = YES;
				CLANG_WARN_BOOL_CONVERSION = YES;
				CLANG_WARN_COMMA = YES;
				CLANG_WARN_CONSTANT_CONVERSION = YES;
				CLANG_WARN_DEPRECATED_OBJC_IMPLEMENTATIONS = YES;
				CLANG_WARN_DIRECT_OBJC_ISA_USAGE = YES_ERROR;
				CLANG_WARN_DOCUMENTATION_COMMENTS = YES;
				CLANG_WARN_EMPTY_BODY = YES;
				CLANG_WARN_ENUM_CONVERSION = YES;
				CLANG_WARN_INFINITE_RECURSION = YES;
				CLANG_WARN_INT_CONVERSION = YES;
				CLANG_WARN_NON_LITERAL_NULL_CONVERSION = YES;
				CLANG_WARN_OBJC_IMPLICIT_RETAIN_SELF = YES;
				CLANG_WARN_OBJC_LITERAL_CONVERSION = YES;
				CLANG_WARN_OBJC_ROOT_CLASS = YES_ERROR;
				CLANG_WARN_RANGE_LOOP_ANALYSIS = YES;
				CLANG_WARN_STRICT_PROTOTYPES = YES;
				CLANG_WARN_SUSPICIOUS_MOVE = YES;
				CLANG_WARN_UNGUARDED_AVAILABILITY = YES_AGGRESSIVE;
				CLANG_WARN_UNREACHABLE_CODE = YES;
				CLANG_WARN__DUPLICATE_METHOD_MATCH = YES;
				COPY_PHASE_STRIP = NO;
				CURRENT_PROJECT_VERSION = 1;
				DEBUG_INFORMATION_FORMAT = "dwarf-with-dsym";
				ENABLE_NS_ASSERTIONS = NO;
				ENABLE_STRICT_OBJC_MSGSEND = YES;
				GCC_C_LANGUAGE_STANDARD = gnu11;
				GCC_NO_COMMON_BLOCKS = YES;
				GCC_WARN_64_TO_32_BIT_CONVERSION = YES;
				GCC_WARN_ABOUT_RETURN_TYPE = YES_ERROR;
				GCC_WARN_UNDECLARED_SELECTOR = YES;
				GCC_WARN_UNINITIALIZED_AUTOS = YES_AGGRESSIVE;
				GCC_WARN_UNUSED_FUNCTION = YES;
				GCC_WARN_UNUSED_VARIABLE = YES;
				IPHONEOS_DEPLOYMENT_TARGET = 11.0;
				MTL_ENABLE_DEBUG_INFO = NO;
				MTL_FAST_MATH = YES;
				SDKROOT = iphoneos;
				SWIFT_COMPILATION_MODE = wholemodule;
				SWIFT_OPTIMIZATION_LEVEL = "-O";
				VALIDATE_PRODUCT = YES;
				VERSIONING_SYSTEM = "apple-generic";
				VERSION_INFO_PREFIX = "";
			};
			name = Release;
		};
		6116593723E468A900A46184 /* Debug */ = {
			isa = XCBuildConfiguration;
			buildSettings = {
				CLANG_ENABLE_MODULES = YES;
				CODE_SIGN_STYLE = Automatic;
				DEFINES_MODULE = YES;
				DYLIB_COMPATIBILITY_VERSION = 1;
				DYLIB_CURRENT_VERSION = 1;
				DYLIB_INSTALL_NAME_BASE = "@rpath";
				INFOPLIST_FILE = Sources/ToastAlerts/Info.plist;
				INSTALL_PATH = "$(LOCAL_LIBRARY_DIR)/Frameworks";
				LD_RUNPATH_SEARCH_PATHS = (
					"$(inherited)",
					"@executable_path/Frameworks",
					"@loader_path/Frameworks",
				);
				MARKETING_VERSION = 3.0;
				PRODUCT_BUNDLE_IDENTIFIER = estamp.ToastAlerts;
				PRODUCT_NAME = ToastAlerts;
				SKIP_INSTALL = YES;
				SWIFT_OPTIMIZATION_LEVEL = "-Onone";
				SWIFT_VERSION = 5.0;
				TARGETED_DEVICE_FAMILY = "1,2";
			};
			name = Debug;
		};
		6116593823E468A900A46184 /* Release */ = {
			isa = XCBuildConfiguration;
			buildSettings = {
				CLANG_ENABLE_MODULES = YES;
				CODE_SIGN_STYLE = Automatic;
				DEFINES_MODULE = YES;
				DYLIB_COMPATIBILITY_VERSION = 1;
				DYLIB_CURRENT_VERSION = 1;
				DYLIB_INSTALL_NAME_BASE = "@rpath";
				INFOPLIST_FILE = Sources/ToastAlerts/Info.plist;
				INSTALL_PATH = "$(LOCAL_LIBRARY_DIR)/Frameworks";
				LD_RUNPATH_SEARCH_PATHS = (
					"$(inherited)",
					"@executable_path/Frameworks",
					"@loader_path/Frameworks",
				);
				MARKETING_VERSION = 3.0;
				PRODUCT_BUNDLE_IDENTIFIER = estamp.ToastAlerts;
				PRODUCT_NAME = ToastAlerts;
				SKIP_INSTALL = YES;
				SWIFT_VERSION = 5.0;
				TARGETED_DEVICE_FAMILY = "1,2";
			};
			name = Release;
		};
		6116593A23E468A900A46184 /* Debug */ = {
			isa = XCBuildConfiguration;
			buildSettings = {
				ALWAYS_EMBED_SWIFT_STANDARD_LIBRARIES = YES;
				CODE_SIGN_STYLE = Automatic;
				INFOPLIST_FILE = Tests/ToastAlertsTests/Info.plist;
				LD_RUNPATH_SEARCH_PATHS = (
					"$(inherited)",
					"@executable_path/Frameworks",
					"@loader_path/Frameworks",
				);
				PRODUCT_BUNDLE_IDENTIFIER = "Weeronline.Toast-AlertsTests";
				PRODUCT_NAME = "$(TARGET_NAME)";
				SWIFT_VERSION = 5.0;
				TARGETED_DEVICE_FAMILY = "1,2";
			};
			name = Debug;
		};
		6116593B23E468A900A46184 /* Release */ = {
			isa = XCBuildConfiguration;
			buildSettings = {
				ALWAYS_EMBED_SWIFT_STANDARD_LIBRARIES = YES;
				CODE_SIGN_STYLE = Automatic;
				INFOPLIST_FILE = Tests/ToastAlertsTests/Info.plist;
				LD_RUNPATH_SEARCH_PATHS = (
					"$(inherited)",
					"@executable_path/Frameworks",
					"@loader_path/Frameworks",
				);
				PRODUCT_BUNDLE_IDENTIFIER = "Weeronline.Toast-AlertsTests";
				PRODUCT_NAME = "$(TARGET_NAME)";
				SWIFT_VERSION = 5.0;
				TARGETED_DEVICE_FAMILY = "1,2";
			};
			name = Release;
		};
/* End XCBuildConfiguration section */

/* Begin XCConfigurationList section */
		6116591C23E468A900A46184 /* Build configuration list for PBXProject "ToastAlerts" */ = {
			isa = XCConfigurationList;
			buildConfigurations = (
				6116593423E468A900A46184 /* Debug */,
				6116593523E468A900A46184 /* Release */,
			);
			defaultConfigurationIsVisible = 0;
			defaultConfigurationName = Release;
		};
		6116593623E468A900A46184 /* Build configuration list for PBXNativeTarget "ToastAlerts" */ = {
			isa = XCConfigurationList;
			buildConfigurations = (
				6116593723E468A900A46184 /* Debug */,
				6116593823E468A900A46184 /* Release */,
			);
			defaultConfigurationIsVisible = 0;
			defaultConfigurationName = Release;
		};
		6116593923E468A900A46184 /* Build configuration list for PBXNativeTarget "ToastAlertsTests" */ = {
			isa = XCConfigurationList;
			buildConfigurations = (
				6116593A23E468A900A46184 /* Debug */,
				6116593B23E468A900A46184 /* Release */,
			);
			defaultConfigurationIsVisible = 0;
			defaultConfigurationName = Release;
		};
/* End XCConfigurationList section */
	};
	rootObject = 6116591923E468A900A46184 /* Project object */;
}
