// !$*UTF8*$!
{
	archiveVersion = 1;
	classes = {
	};
	objectVersion = 46;
	objects = {

/* Begin PBXBuildFile section */
		F9AF609F1D948D910052B1E4 /* EWToastAlertView.m in Sources */ = {isa = PBXBuildFile; fileRef = F9AF609B1D948D910052B1E4 /* EWToastAlertView.m */; };
		F9AF60A01D948D910052B1E4 /* Info.plist in Resources */ = {isa = PBXBuildFile; fileRef = F9AF609C1D948D910052B1E4 /* Info.plist */; };
		F9AF60A11D948D910052B1E4 /* UIViewController+ext.m in Sources */ = {isa = PBXBuildFile; fileRef = F9AF609E1D948D910052B1E4 /* UIViewController+ext.m */; };
		F9E50AAC1B75609A00B1423C /* AppDelegate.swift in Sources */ = {isa = PBXBuildFile; fileRef = F9E50AAB1B75609A00B1423C /* AppDelegate.swift */; };
		F9E50AAE1B75609A00B1423C /* MasterViewController.swift in Sources */ = {isa = PBXBuildFile; fileRef = F9E50AAD1B75609A00B1423C /* MasterViewController.swift */; };
		F9E50AB01B75609A00B1423C /* DetailViewController.swift in Sources */ = {isa = PBXBuildFile; fileRef = F9E50AAF1B75609A00B1423C /* DetailViewController.swift */; };
		F9E50AB31B75609A00B1423C /* Main.storyboard in Resources */ = {isa = PBXBuildFile; fileRef = F9E50AB11B75609A00B1423C /* Main.storyboard */; };
		F9E50AB51B75609A00B1423C /* Images.xcassets in Resources */ = {isa = PBXBuildFile; fileRef = F9E50AB41B75609A00B1423C /* Images.xcassets */; };
		F9E50AB81B75609A00B1423C /* LaunchScreen.xib in Resources */ = {isa = PBXBuildFile; fileRef = F9E50AB61B75609A00B1423C /* LaunchScreen.xib */; };
		F9E50AC41B75609A00B1423C /* Toast_Alert_SamplesTests.swift in Sources */ = {isa = PBXBuildFile; fileRef = F9E50AC31B75609A00B1423C /* Toast_Alert_SamplesTests.swift */; };
/* End PBXBuildFile section */

/* Begin PBXContainerItemProxy section */
		F9E50ABE1B75609A00B1423C /* PBXContainerItemProxy */ = {
			isa = PBXContainerItemProxy;
			containerPortal = F9E50A9E1B75609A00B1423C /* Project object */;
			proxyType = 1;
			remoteGlobalIDString = F9E50AA51B75609A00B1423C;
			remoteInfo = "Toast Alert Samples";
		};
/* End PBXContainerItemProxy section */

/* Begin PBXFileReference section */
		F963EB641D8868FE008A3F0C /* Bridging-Header.h */ = {isa = PBXFileReference; fileEncoding = 4; lastKnownFileType = sourcecode.c.h; path = "Bridging-Header.h"; sourceTree = "<group>"; };
		F9AF60991D948D910052B1E4 /* EWToastAlerts.h */ = {isa = PBXFileReference; fileEncoding = 4; lastKnownFileType = sourcecode.c.h; path = EWToastAlerts.h; sourceTree = "<group>"; };
		F9AF609A1D948D910052B1E4 /* EWToastAlertView.h */ = {isa = PBXFileReference; fileEncoding = 4; lastKnownFileType = sourcecode.c.h; path = EWToastAlertView.h; sourceTree = "<group>"; };
		F9AF609B1D948D910052B1E4 /* EWToastAlertView.m */ = {isa = PBXFileReference; fileEncoding = 4; lastKnownFileType = sourcecode.c.objc; path = EWToastAlertView.m; sourceTree = "<group>"; };
		F9AF609C1D948D910052B1E4 /* Info.plist */ = {isa = PBXFileReference; fileEncoding = 4; lastKnownFileType = text.plist.xml; path = Info.plist; sourceTree = "<group>"; };
		F9AF609D1D948D910052B1E4 /* UIViewController+ext.h */ = {isa = PBXFileReference; fileEncoding = 4; lastKnownFileType = sourcecode.c.h; path = "UIViewController+ext.h"; sourceTree = "<group>"; };
		F9AF609E1D948D910052B1E4 /* UIViewController+ext.m */ = {isa = PBXFileReference; fileEncoding = 4; lastKnownFileType = sourcecode.c.objc; path = "UIViewController+ext.m"; sourceTree = "<group>"; };
		F9E50AA61B75609A00B1423C /* Toast Alert Samples.app */ = {isa = PBXFileReference; explicitFileType = wrapper.application; includeInIndex = 0; path = "Toast Alert Samples.app"; sourceTree = BUILT_PRODUCTS_DIR; };
		F9E50AAA1B75609A00B1423C /* Info.plist */ = {isa = PBXFileReference; lastKnownFileType = text.plist.xml; path = Info.plist; sourceTree = "<group>"; };
		F9E50AAB1B75609A00B1423C /* AppDelegate.swift */ = {isa = PBXFileReference; lastKnownFileType = sourcecode.swift; path = AppDelegate.swift; sourceTree = "<group>"; };
		F9E50AAD1B75609A00B1423C /* MasterViewController.swift */ = {isa = PBXFileReference; lastKnownFileType = sourcecode.swift; path = MasterViewController.swift; sourceTree = "<group>"; };
		F9E50AAF1B75609A00B1423C /* DetailViewController.swift */ = {isa = PBXFileReference; lastKnownFileType = sourcecode.swift; path = DetailViewController.swift; sourceTree = "<group>"; };
		F9E50AB21B75609A00B1423C /* Base */ = {isa = PBXFileReference; lastKnownFileType = file.storyboard; name = Base; path = Base.lproj/Main.storyboard; sourceTree = "<group>"; };
		F9E50AB41B75609A00B1423C /* Images.xcassets */ = {isa = PBXFileReference; lastKnownFileType = folder.assetcatalog; path = Images.xcassets; sourceTree = "<group>"; };
		F9E50AB71B75609A00B1423C /* Base */ = {isa = PBXFileReference; lastKnownFileType = file.xib; name = Base; path = Base.lproj/LaunchScreen.xib; sourceTree = "<group>"; };
		F9E50ABD1B75609A00B1423C /* Toast Alert SamplesTests.xctest */ = {isa = PBXFileReference; explicitFileType = wrapper.cfbundle; includeInIndex = 0; path = "Toast Alert SamplesTests.xctest"; sourceTree = BUILT_PRODUCTS_DIR; };
		F9E50AC21B75609A00B1423C /* Info.plist */ = {isa = PBXFileReference; lastKnownFileType = text.plist.xml; path = Info.plist; sourceTree = "<group>"; };
		F9E50AC31B75609A00B1423C /* Toast_Alert_SamplesTests.swift */ = {isa = PBXFileReference; lastKnownFileType = sourcecode.swift; path = Toast_Alert_SamplesTests.swift; sourceTree = "<group>"; };
/* End PBXFileReference section */

/* Begin PBXFrameworksBuildPhase section */
		F9E50AA31B75609A00B1423C /* Frameworks */ = {
			isa = PBXFrameworksBuildPhase;
			buildActionMask = 2147483647;
			files = (
			);
			runOnlyForDeploymentPostprocessing = 0;
		};
		F9E50ABA1B75609A00B1423C /* Frameworks */ = {
			isa = PBXFrameworksBuildPhase;
			buildActionMask = 2147483647;
			files = (
			);
			runOnlyForDeploymentPostprocessing = 0;
		};
/* End PBXFrameworksBuildPhase section */

/* Begin PBXGroup section */
		F9AF60981D948D910052B1E4 /* EWToastAlerts */ = {
			isa = PBXGroup;
			children = (
				F9AF60991D948D910052B1E4 /* EWToastAlerts.h */,
				F9AF609A1D948D910052B1E4 /* EWToastAlertView.h */,
				F9AF609B1D948D910052B1E4 /* EWToastAlertView.m */,
				F9AF609C1D948D910052B1E4 /* Info.plist */,
				F9AF609D1D948D910052B1E4 /* UIViewController+ext.h */,
				F9AF609E1D948D910052B1E4 /* UIViewController+ext.m */,
			);
			name = EWToastAlerts;
			path = ../EWToastAlerts;
			sourceTree = "<group>";
		};
		F9E50A9D1B75609A00B1423C = {
			isa = PBXGroup;
			children = (
				F9AF60981D948D910052B1E4 /* EWToastAlerts */,
				F9E50AA81B75609A00B1423C /* Toast Alert Samples */,
				F9E50AC01B75609A00B1423C /* Toast Alert SamplesTests */,
				F9E50AA71B75609A00B1423C /* Products */,
			);
			sourceTree = "<group>";
		};
		F9E50AA71B75609A00B1423C /* Products */ = {
			isa = PBXGroup;
			children = (
				F9E50AA61B75609A00B1423C /* Toast Alert Samples.app */,
				F9E50ABD1B75609A00B1423C /* Toast Alert SamplesTests.xctest */,
			);
			name = Products;
			sourceTree = "<group>";
		};
		F9E50AA81B75609A00B1423C /* Toast Alert Samples */ = {
			isa = PBXGroup;
			children = (
				F9E50AAB1B75609A00B1423C /* AppDelegate.swift */,
				F9E50AAD1B75609A00B1423C /* MasterViewController.swift */,
				F9E50AAF1B75609A00B1423C /* DetailViewController.swift */,
				F9E50AB11B75609A00B1423C /* Main.storyboard */,
				F9E50AB41B75609A00B1423C /* Images.xcassets */,
				F9E50AB61B75609A00B1423C /* LaunchScreen.xib */,
				F9E50AA91B75609A00B1423C /* Supporting Files */,
			);
			path = "Toast Alert Samples";
			sourceTree = "<group>";
		};
		F9E50AA91B75609A00B1423C /* Supporting Files */ = {
			isa = PBXGroup;
			children = (
				F9E50AAA1B75609A00B1423C /* Info.plist */,
				F963EB641D8868FE008A3F0C /* Bridging-Header.h */,
			);
			name = "Supporting Files";
			sourceTree = "<group>";
		};
		F9E50AC01B75609A00B1423C /* Toast Alert SamplesTests */ = {
			isa = PBXGroup;
			children = (
				F9E50AC31B75609A00B1423C /* Toast_Alert_SamplesTests.swift */,
				F9E50AC11B75609A00B1423C /* Supporting Files */,
			);
			path = "Toast Alert SamplesTests";
			sourceTree = "<group>";
		};
		F9E50AC11B75609A00B1423C /* Supporting Files */ = {
			isa = PBXGroup;
			children = (
				F9E50AC21B75609A00B1423C /* Info.plist */,
			);
			name = "Supporting Files";
			sourceTree = "<group>";
		};
/* End PBXGroup section */

/* Begin PBXNativeTarget section */
		F9E50AA51B75609A00B1423C /* Toast Alert Samples */ = {
			isa = PBXNativeTarget;
			buildConfigurationList = F9E50AC71B75609A00B1423C /* Build configuration list for PBXNativeTarget "Toast Alert Samples" */;
			buildPhases = (
				F9E50AA21B75609A00B1423C /* Sources */,
				F9E50AA31B75609A00B1423C /* Frameworks */,
				F9E50AA41B75609A00B1423C /* Resources */,
			);
			buildRules = (
			);
			dependencies = (
			);
			name = "Toast Alert Samples";
			productName = "Toast Alert Samples";
			productReference = F9E50AA61B75609A00B1423C /* Toast Alert Samples.app */;
			productType = "com.apple.product-type.application";
		};
		F9E50ABC1B75609A00B1423C /* Toast Alert SamplesTests */ = {
			isa = PBXNativeTarget;
			buildConfigurationList = F9E50ACA1B75609A00B1423C /* Build configuration list for PBXNativeTarget "Toast Alert SamplesTests" */;
			buildPhases = (
				F9E50AB91B75609A00B1423C /* Sources */,
				F9E50ABA1B75609A00B1423C /* Frameworks */,
				F9E50ABB1B75609A00B1423C /* Resources */,
			);
			buildRules = (
			);
			dependencies = (
				F9E50ABF1B75609A00B1423C /* PBXTargetDependency */,
			);
			name = "Toast Alert SamplesTests";
			productName = "Toast Alert SamplesTests";
			productReference = F9E50ABD1B75609A00B1423C /* Toast Alert SamplesTests.xctest */;
			productType = "com.apple.product-type.bundle.unit-test";
		};
/* End PBXNativeTarget section */

/* Begin PBXProject section */
		F9E50A9E1B75609A00B1423C /* Project object */ = {
			isa = PBXProject;
			attributes = {
				LastSwiftMigration = 0700;
				LastSwiftUpdateCheck = 0700;
				LastUpgradeCheck = 0800;
				ORGANIZATIONNAME = "Estamp World";
				TargetAttributes = {
					F9E50AA51B75609A00B1423C = {
						CreatedOnToolsVersion = 6.4;
						LastSwiftMigration = 0800;
					};
					F9E50ABC1B75609A00B1423C = {
						CreatedOnToolsVersion = 6.4;
						LastSwiftMigration = 0800;
						TestTargetID = F9E50AA51B75609A00B1423C;
					};
				};
			};
			buildConfigurationList = F9E50AA11B75609A00B1423C /* Build configuration list for PBXProject "Toast Alert Samples" */;
			compatibilityVersion = "Xcode 3.2";
			developmentRegion = English;
			hasScannedForEncodings = 0;
			knownRegions = (
				en,
				Base,
			);
			mainGroup = F9E50A9D1B75609A00B1423C;
			productRefGroup = F9E50AA71B75609A00B1423C /* Products */;
			projectDirPath = "";
			projectRoot = "";
			targets = (
				F9E50AA51B75609A00B1423C /* Toast Alert Samples */,
				F9E50ABC1B75609A00B1423C /* Toast Alert SamplesTests */,
			);
		};
/* End PBXProject section */

/* Begin PBXResourcesBuildPhase section */
		F9E50AA41B75609A00B1423C /* Resources */ = {
			isa = PBXResourcesBuildPhase;
			buildActionMask = 2147483647;
			files = (
				F9AF60A01D948D910052B1E4 /* Info.plist in Resources */,
				F9E50AB31B75609A00B1423C /* Main.storyboard in Resources */,
				F9E50AB81B75609A00B1423C /* LaunchScreen.xib in Resources */,
				F9E50AB51B75609A00B1423C /* Images.xcassets in Resources */,
			);
			runOnlyForDeploymentPostprocessing = 0;
		};
		F9E50ABB1B75609A00B1423C /* Resources */ = {
			isa = PBXResourcesBuildPhase;
			buildActionMask = 2147483647;
			files = (
			);
			runOnlyForDeploymentPostprocessing = 0;
		};
/* End PBXResourcesBuildPhase section */

/* Begin PBXSourcesBuildPhase section */
		F9E50AA21B75609A00B1423C /* Sources */ = {
			isa = PBXSourcesBuildPhase;
			buildActionMask = 2147483647;
			files = (
				F9E50AB01B75609A00B1423C /* DetailViewController.swift in Sources */,
				F9E50AAE1B75609A00B1423C /* MasterViewController.swift in Sources */,
				F9E50AAC1B75609A00B1423C /* AppDelegate.swift in Sources */,
				F9AF609F1D948D910052B1E4 /* EWToastAlertView.m in Sources */,
				F9AF60A11D948D910052B1E4 /* UIViewController+ext.m in Sources */,
			);
			runOnlyForDeploymentPostprocessing = 0;
		};
		F9E50AB91B75609A00B1423C /* Sources */ = {
			isa = PBXSourcesBuildPhase;
			buildActionMask = 2147483647;
			files = (
				F9E50AC41B75609A00B1423C /* Toast_Alert_SamplesTests.swift in Sources */,
			);
			runOnlyForDeploymentPostprocessing = 0;
		};
/* End PBXSourcesBuildPhase section */

/* Begin PBXTargetDependency section */
		F9E50ABF1B75609A00B1423C /* PBXTargetDependency */ = {
			isa = PBXTargetDependency;
			target = F9E50AA51B75609A00B1423C /* Toast Alert Samples */;
			targetProxy = F9E50ABE1B75609A00B1423C /* PBXContainerItemProxy */;
		};
/* End PBXTargetDependency section */

/* Begin PBXVariantGroup section */
		F9E50AB11B75609A00B1423C /* Main.storyboard */ = {
			isa = PBXVariantGroup;
			children = (
				F9E50AB21B75609A00B1423C /* Base */,
			);
			name = Main.storyboard;
			sourceTree = "<group>";
		};
		F9E50AB61B75609A00B1423C /* LaunchScreen.xib */ = {
			isa = PBXVariantGroup;
			children = (
				F9E50AB71B75609A00B1423C /* Base */,
			);
			name = LaunchScreen.xib;
			sourceTree = "<group>";
		};
/* End PBXVariantGroup section */

/* Begin XCBuildConfiguration section */
		F9E50AC51B75609A00B1423C /* Debug */ = {
			isa = XCBuildConfiguration;
			buildSettings = {
				ALWAYS_SEARCH_USER_PATHS = NO;
				CLANG_CXX_LANGUAGE_STANDARD = "gnu++0x";
				CLANG_CXX_LIBRARY = "libc++";
				CLANG_ENABLE_MODULES = YES;
				CLANG_ENABLE_OBJC_ARC = YES;
				CLANG_WARN_BOOL_CONVERSION = YES;
				CLANG_WARN_CONSTANT_CONVERSION = YES;
				CLANG_WARN_DIRECT_OBJC_ISA_USAGE = YES_ERROR;
				CLANG_WARN_EMPTY_BODY = YES;
				CLANG_WARN_ENUM_CONVERSION = YES;
				CLANG_WARN_INFINITE_RECURSION = YES;
				CLANG_WARN_INT_CONVERSION = YES;
				CLANG_WARN_OBJC_ROOT_CLASS = YES_ERROR;
				CLANG_WARN_SUSPICIOUS_MOVE = YES;
				CLANG_WARN_UNREACHABLE_CODE = YES;
				CLANG_WARN__DUPLICATE_METHOD_MATCH = YES;
				"CODE_SIGN_IDENTITY[sdk=iphoneos*]" = "iPhone Developer";
				COPY_PHASE_STRIP = NO;
				DEBUG_INFORMATION_FORMAT = "dwarf-with-dsym";
				ENABLE_STRICT_OBJC_MSGSEND = YES;
				ENABLE_TESTABILITY = YES;
				GCC_C_LANGUAGE_STANDARD = gnu99;
				GCC_DYNAMIC_NO_PIC = NO;
				GCC_NO_COMMON_BLOCKS = YES;
				GCC_OPTIMIZATION_LEVEL = 0;
				GCC_PREPROCESSOR_DEFINITIONS = (
					"DEBUG=1",
					"$(inherited)",
				);
				GCC_SYMBOLS_PRIVATE_EXTERN = NO;
				GCC_WARN_64_TO_32_BIT_CONVERSION = YES;
				GCC_WARN_ABOUT_RETURN_TYPE = YES_ERROR;
				GCC_WARN_UNDECLARED_SELECTOR = YES;
				GCC_WARN_UNINITIALIZED_AUTOS = YES_AGGRESSIVE;
				GCC_WARN_UNUSED_FUNCTION = YES;
				GCC_WARN_UNUSED_VARIABLE = YES;
				IPHONEOS_DEPLOYMENT_TARGET = 8.4;
				MTL_ENABLE_DEBUG_INFO = YES;
				ONLY_ACTIVE_ARCH = YES;
				SDKROOT = iphoneos;
				SWIFT_OPTIMIZATION_LEVEL = "-Onone";
				TARGETED_DEVICE_FAMILY = "1,2";
			};
			name = Debug;
		};
		F9E50AC61B75609A00B1423C /* Release */ = {
			isa = XCBuildConfiguration;
			buildSettings = {
				ALWAYS_SEARCH_USER_PATHS = NO;
				CLANG_CXX_LANGUAGE_STANDARD = "gnu++0x";
				CLANG_CXX_LIBRARY = "libc++";
				CLANG_ENABLE_MODULES = YES;
				CLANG_ENABLE_OBJC_ARC = YES;
				CLANG_WARN_BOOL_CONVERSION = YES;
				CLANG_WARN_CONSTANT_CONVERSION = YES;
				CLANG_WARN_DIRECT_OBJC_ISA_USAGE = YES_ERROR;
				CLANG_WARN_EMPTY_BODY = YES;
				CLANG_WARN_ENUM_CONVERSION = YES;
				CLANG_WARN_INFINITE_RECURSION = YES;
				CLANG_WARN_INT_CONVERSION = YES;
				CLANG_WARN_OBJC_ROOT_CLASS = YES_ERROR;
				CLANG_WARN_SUSPICIOUS_MOVE = YES;
				CLANG_WARN_UNREACHABLE_CODE = YES;
				CLANG_WARN__DUPLICATE_METHOD_MATCH = YES;
				"CODE_SIGN_IDENTITY[sdk=iphoneos*]" = "iPhone Developer";
				COPY_PHASE_STRIP = NO;
				DEBUG_INFORMATION_FORMAT = "dwarf-with-dsym";
				ENABLE_NS_ASSERTIONS = NO;
				ENABLE_STRICT_OBJC_MSGSEND = YES;
				GCC_C_LANGUAGE_STANDARD = gnu99;
				GCC_NO_COMMON_BLOCKS = YES;
				GCC_WARN_64_TO_32_BIT_CONVERSION = YES;
				GCC_WARN_ABOUT_RETURN_TYPE = YES_ERROR;
				GCC_WARN_UNDECLARED_SELECTOR = YES;
				GCC_WARN_UNINITIALIZED_AUTOS = YES_AGGRESSIVE;
				GCC_WARN_UNUSED_FUNCTION = YES;
				GCC_WARN_UNUSED_VARIABLE = YES;
				IPHONEOS_DEPLOYMENT_TARGET = 8.4;
				MTL_ENABLE_DEBUG_INFO = NO;
				SDKROOT = iphoneos;
				SWIFT_OPTIMIZATION_LEVEL = "-Owholemodule";
				TARGETED_DEVICE_FAMILY = "1,2";
				VALIDATE_PRODUCT = YES;
			};
			name = Release;
		};
		F9E50AC81B75609A00B1423C /* Debug */ = {
			isa = XCBuildConfiguration;
			buildSettings = {
				ASSETCATALOG_COMPILER_APPICON_NAME = AppIcon;
				FRAMEWORK_SEARCH_PATHS = (
					"$(inherited)",
					"$(PROJECT_DIR)",
					"$(USER_LIBRARY_DIR)/Developer/Xcode/DerivedData/ToastAlerts-dqfurcytmpfdmjfewobctjitfhjn/Build/Products",
				);
				INFOPLIST_FILE = "Toast Alert Samples/Info.plist";
				LD_RUNPATH_SEARCH_PATHS = "$(inherited) @executable_path/Frameworks";
				ONLY_ACTIVE_ARCH = NO;
				OTHER_LDFLAGS = "";
				PRODUCT_BUNDLE_IDENTIFIER = "com.estampworld.$(PRODUCT_NAME:rfc1034identifier)";
				PRODUCT_NAME = "$(TARGET_NAME)";
				SWIFT_OBJC_BRIDGING_HEADER = "Toast Alert Samples/Bridging-Header.h";
				SWIFT_VERSION = 3.0;
			};
			name = Debug;
		};
		F9E50AC91B75609A00B1423C /* Release */ = {
			isa = XCBuildConfiguration;
			buildSettings = {
				ASSETCATALOG_COMPILER_APPICON_NAME = AppIcon;
				FRAMEWORK_SEARCH_PATHS = (
					"$(inherited)",
					"$(PROJECT_DIR)",
					"$(USER_LIBRARY_DIR)/Developer/Xcode/DerivedData/ToastAlerts-dqfurcytmpfdmjfewobctjitfhjn/Build/Products",
				);
				INFOPLIST_FILE = "Toast Alert Samples/Info.plist";
				LD_RUNPATH_SEARCH_PATHS = "$(inherited) @executable_path/Frameworks";
				ONLY_ACTIVE_ARCH = NO;
				OTHER_LDFLAGS = "";
				PRODUCT_BUNDLE_IDENTIFIER = "com.estampworld.$(PRODUCT_NAME:rfc1034identifier)";
				PRODUCT_NAME = "$(TARGET_NAME)";
				SWIFT_OBJC_BRIDGING_HEADER = "Toast Alert Samples/Bridging-Header.h";
				SWIFT_VERSION = 3.0;
			};
			name = Release;
		};
		F9E50ACB1B75609A00B1423C /* Debug */ = {
			isa = XCBuildConfiguration;
			buildSettings = {
				BUNDLE_LOADER = "$(TEST_HOST)";
				FRAMEWORK_SEARCH_PATHS = (
					"$(SDKROOT)/Developer/Library/Frameworks",
					"$(inherited)",
				);
				GCC_PREPROCESSOR_DEFINITIONS = (
					"DEBUG=1",
					"$(inherited)",
				);
				INFOPLIST_FILE = "Toast Alert SamplesTests/Info.plist";
				LD_RUNPATH_SEARCH_PATHS = "$(inherited) @executable_path/Frameworks @loader_path/Frameworks";
				PRODUCT_BUNDLE_IDENTIFIER = "com.estampworld.$(PRODUCT_NAME:rfc1034identifier)";
				PRODUCT_NAME = "$(TARGET_NAME)";
				SWIFT_VERSION = 3.0;
				TEST_HOST = "$(BUILT_PRODUCTS_DIR)/Toast Alert Samples.app/Toast Alert Samples";
			};
			name = Debug;
		};
		F9E50ACC1B75609A00B1423C /* Release */ = {
			isa = XCBuildConfiguration;
			buildSettings = {
				BUNDLE_LOADER = "$(TEST_HOST)";
				FRAMEWORK_SEARCH_PATHS = (
					"$(SDKROOT)/Developer/Library/Frameworks",
					"$(inherited)",
				);
				INFOPLIST_FILE = "Toast Alert SamplesTests/Info.plist";
				LD_RUNPATH_SEARCH_PATHS = "$(inherited) @executable_path/Frameworks @loader_path/Frameworks";
				PRODUCT_BUNDLE_IDENTIFIER = "com.estampworld.$(PRODUCT_NAME:rfc1034identifier)";
				PRODUCT_NAME = "$(TARGET_NAME)";
				SWIFT_VERSION = 3.0;
				TEST_HOST = "$(BUILT_PRODUCTS_DIR)/Toast Alert Samples.app/Toast Alert Samples";
			};
			name = Release;
		};
/* End XCBuildConfiguration section */

/* Begin XCConfigurationList section */
		F9E50AA11B75609A00B1423C /* Build configuration list for PBXProject "Toast Alert Samples" */ = {
			isa = XCConfigurationList;
			buildConfigurations = (
				F9E50AC51B75609A00B1423C /* Debug */,
				F9E50AC61B75609A00B1423C /* Release */,
			);
			defaultConfigurationIsVisible = 0;
			defaultConfigurationName = Release;
		};
		F9E50AC71B75609A00B1423C /* Build configuration list for PBXNativeTarget "Toast Alert Samples" */ = {
			isa = XCConfigurationList;
			buildConfigurations = (
				F9E50AC81B75609A00B1423C /* Debug */,
				F9E50AC91B75609A00B1423C /* Release */,
			);
			defaultConfigurationIsVisible = 0;
			defaultConfigurationName = Release;
		};
		F9E50ACA1B75609A00B1423C /* Build configuration list for PBXNativeTarget "Toast Alert SamplesTests" */ = {
			isa = XCConfigurationList;
			buildConfigurations = (
				F9E50ACB1B75609A00B1423C /* Debug */,
				F9E50ACC1B75609A00B1423C /* Release */,
			);
			defaultConfigurationIsVisible = 0;
			defaultConfigurationName = Release;
		};
/* End XCConfigurationList section */
	};
	rootObject = F9E50A9E1B75609A00B1423C /* Project object */;
}
